
Microsoft Visual Studio Solution File, Format Version 12.00
# Visual Studio Version 17
VisualStudioVersion = 17.7.34031.279
MinimumVisualStudioVersion = 10.0.40219.1
Project("{FAE04EC0-301F-11D3-BF4B-00C04F79EFBC}") = "testGui", "testGui\testGui.csproj", "{D00728F1-4E23-40B7-A08D-512EC94291CF}"
EndProject
Global
	GlobalSection(SolutionConfigurationPlatforms) = preSolution
		Debug|Any CPU = Debug|Any CPU
		Release|Any CPU = Release|Any CPU
	EndGlobalSection
	GlobalSection(ProjectConfigurationPlatforms) = postSolution
		{D00728F1-4E23-40B7-A08D-512EC94291CF}.Debug|Any CPU.ActiveCfg = Debug|Any CPU
		{D00728F1-4E23-40B7-A08D-512EC94291CF}.Debug|Any CPU.Build.0 = Debug|Any CPU
		{D00728F1-4E23-40B7-A08D-512EC94291CF}.Release|Any CPU.ActiveCfg = Release|Any CPU
		{D00728F1-4E23-40B7-A08D-512EC94291CF}.Release|Any CPU.Build.0 = Release|Any CPU
	EndGlobalSection
	GlobalSection(SolutionProperties) = preSolution
		HideSolutionNode = FALSE
	EndGlobalSection
	GlobalSection(ExtensibilityGlobals) = postSolution
		SolutionGuid = {C11E5B0A-AE0D-4E0B-AD5F-83D831FB6B6B}
	EndGlobalSection
EndGlobal
